// !$*UTF8*$!
{
	archiveVersion = 1;
	classes = {
	};
	objectVersion = 56;
	objects = {

/* Begin PBXBuildFile section */
		4B017C2F2BAF9E3E00C971C0 /* AlAfasyTV.mp3 in Resources */ = {isa = PBXBuildFile; fileRef = 4B017C2E2BAF9E3E00C971C0 /* AlAfasyTV.mp3 */; };
		4B33145D2BBE139E00FA40EA /* SettingRowStatus.swift in Sources */ = {isa = PBXBuildFile; fileRef = 4B33145C2BBE139E00FA40EA /* SettingRowStatus.swift */; };
		4B3F46D82BB23D98006F23B9 /* SettingsViewModel.swift in Sources */ = {isa = PBXBuildFile; fileRef = 4B3F46D72BB23D98006F23B9 /* SettingsViewModel.swift */; };
		4B3F46DA2BB23DF0006F23B9 /* SoundViewModel.swift in Sources */ = {isa = PBXBuildFile; fileRef = 4B3F46D92BB23DF0006F23B9 /* SoundViewModel.swift */; };
		4B43D4212BB6340400F533F8 /* APIError.swift in Sources */ = {isa = PBXBuildFile; fileRef = 4B43D4202BB6340400F533F8 /* APIError.swift */; };
		4B4979382BB5E71800C20A2A /* NetworkManager.swift in Sources */ = {isa = PBXBuildFile; fileRef = 4B4979372BB5E71800C20A2A /* NetworkManager.swift */; };
		4B49793A2BB5E7B400C20A2A /* AudioData.swift in Sources */ = {isa = PBXBuildFile; fileRef = 4B4979392BB5E7B400C20A2A /* AudioData.swift */; };
		4B5E4BD62BB06B880004432D /* SettingsView.swift in Sources */ = {isa = PBXBuildFile; fileRef = 4B5E4BD52BB06B880004432D /* SettingsView.swift */; };
		4B73781C2BB78B6200225F9A /* AudioRowCell.swift in Sources */ = {isa = PBXBuildFile; fileRef = 4B73781B2BB78B6200225F9A /* AudioRowCell.swift */; };
		4B73781E2BB78CFD00225F9A /* StatefulPreviewWrapper.swift in Sources */ = {isa = PBXBuildFile; fileRef = 4B73781D2BB78CFD00225F9A /* StatefulPreviewWrapper.swift */; };
		4B77D98D29F152090025149F /* EidAlFitrAnimationData.json in Resources */ = {isa = PBXBuildFile; fileRef = 4B77D98C29F152090025149F /* EidAlFitrAnimationData.json */; };
		4B77D98F29F1539B0025149F /* EidMedia.swift in Sources */ = {isa = PBXBuildFile; fileRef = 4B77D98E29F1539B0025149F /* EidMedia.swift */; };
		4B7CA03B29EFEADB00D769AC /* AidElFitr2023App.swift in Sources */ = {isa = PBXBuildFile; fileRef = 4B7CA03A29EFEADB00D769AC /* AidElFitr2023App.swift */; };
		4B7CA03D29EFEADB00D769AC /* EidMubarakView.swift in Sources */ = {isa = PBXBuildFile; fileRef = 4B7CA03C29EFEADB00D769AC /* EidMubarakView.swift */; };
		4B7CA03F29EFEADC00D769AC /* Assets.xcassets in Resources */ = {isa = PBXBuildFile; fileRef = 4B7CA03E29EFEADC00D769AC /* Assets.xcassets */; };
		4B7CA04229EFEADC00D769AC /* Preview Assets.xcassets in Resources */ = {isa = PBXBuildFile; fileRef = 4B7CA04129EFEADC00D769AC /* Preview Assets.xcassets */; };
		4B7CA04A29EFEFFB00D769AC /* Constants.swift in Sources */ = {isa = PBXBuildFile; fileRef = 4B7CA04929EFEFFB00D769AC /* Constants.swift */; };
		4B7CA04D29EFF12200D769AC /* EidMubarakViewModel.swift in Sources */ = {isa = PBXBuildFile; fileRef = 4B7CA04C29EFF12200D769AC /* EidMubarakViewModel.swift */; };
		4B7CA05029F01D2500D769AC /* EidMubarakAudioPlayer.swift in Sources */ = {isa = PBXBuildFile; fileRef = 4B7CA04F29F01D2500D769AC /* EidMubarakAudioPlayer.swift */; };
		4B7CA05429F023E700D769AC /* GlowBorder.swift in Sources */ = {isa = PBXBuildFile; fileRef = 4B7CA05329F023E700D769AC /* GlowBorder.swift */; };
		4B7CA05629F0244D00D769AC /* MediaViewModel.swift in Sources */ = {isa = PBXBuildFile; fileRef = 4B7CA05529F0244D00D769AC /* MediaViewModel.swift */; };
		4B8BE1C52BBF6B59002D3FC1 /* Localizable.xcstrings in Resources */ = {isa = PBXBuildFile; fileRef = 4B8BE1C42BBF6B59002D3FC1 /* Localizable.xcstrings */; };
		4BB5D2232BC18C6C000C8CE5 /* CacheEntry.swift in Sources */ = {isa = PBXBuildFile; fileRef = 4BB5D2222BC18C6C000C8CE5 /* CacheEntry.swift */; };
		4BB5D2252BC18C7B000C8CE5 /* MemoryCache.swift in Sources */ = {isa = PBXBuildFile; fileRef = 4BB5D2242BC18C7B000C8CE5 /* MemoryCache.swift */; };
		4BB5D2272BC18C88000C8CE5 /* Cache.swift in Sources */ = {isa = PBXBuildFile; fileRef = 4BB5D2262BC18C88000C8CE5 /* Cache.swift */; };
		4BB5D2292BC18C9A000C8CE5 /* FileCache.swift in Sources */ = {isa = PBXBuildFile; fileRef = 4BB5D2282BC18C9A000C8CE5 /* FileCache.swift */; };
		4BB5D22B2BC18CB3000C8CE5 /* KeysTracker.swift in Sources */ = {isa = PBXBuildFile; fileRef = 4BB5D22A2BC18CB3000C8CE5 /* KeysTracker.swift */; };
		4BB5D22D2BC18EB5000C8CE5 /* DownloadManager.swift in Sources */ = {isa = PBXBuildFile; fileRef = 4BB5D22C2BC18EB5000C8CE5 /* DownloadManager.swift */; };
		4BB5D22F2BC191CF000C8CE5 /* UIDeviceExtension.swift in Sources */ = {isa = PBXBuildFile; fileRef = 4BB5D22E2BC191CF000C8CE5 /* UIDeviceExtension.swift */; };
		4BB5D2312BC192BF000C8CE5 /* PositionModifier.swift in Sources */ = {isa = PBXBuildFile; fileRef = 4BB5D2302BC192BF000C8CE5 /* PositionModifier.swift */; };
		4BC20DC32A4A3770007F5313 /* HomeView.swift in Sources */ = {isa = PBXBuildFile; fileRef = 4BC20DC22A4A3770007F5313 /* HomeView.swift */; };
		4BC20DC52A4A5371007F5313 /* EidAlAdhaAnimationData.json in Resources */ = {isa = PBXBuildFile; fileRef = 4BC20DC42A4A5371007F5313 /* EidAlAdhaAnimationData.json */; };
		4BC20DC72A4A5662007F5313 /* EidButton.swift in Sources */ = {isa = PBXBuildFile; fileRef = 4BC20DC62A4A5662007F5313 /* EidButton.swift */; };
		4BF6729A2BC0F19A005A04BE /* PrivacyInfo.xcprivacy in Resources */ = {isa = PBXBuildFile; fileRef = 4BF672992BC0DE9E005A04BE /* PrivacyInfo.xcprivacy */; };
/* End PBXBuildFile section */

/* Begin PBXFileReference section */
		4B017C2E2BAF9E3E00C971C0 /* AlAfasyTV.mp3 */ = {isa = PBXFileReference; lastKnownFileType = audio.mp3; path = AlAfasyTV.mp3; sourceTree = "<group>"; };
		4B33145C2BBE139E00FA40EA /* SettingRowStatus.swift */ = {isa = PBXFileReference; lastKnownFileType = sourcecode.swift; path = SettingRowStatus.swift; sourceTree = "<group>"; };
		4B3F46D72BB23D98006F23B9 /* SettingsViewModel.swift */ = {isa = PBXFileReference; lastKnownFileType = sourcecode.swift; path = SettingsViewModel.swift; sourceTree = "<group>"; };
		4B3F46D92BB23DF0006F23B9 /* SoundViewModel.swift */ = {isa = PBXFileReference; lastKnownFileType = sourcecode.swift; path = SoundViewModel.swift; sourceTree = "<group>"; };
		4B43D4202BB6340400F533F8 /* APIError.swift */ = {isa = PBXFileReference; lastKnownFileType = sourcecode.swift; path = APIError.swift; sourceTree = "<group>"; };
		4B4979342BB5E16400C20A2A /* Info.plist */ = {isa = PBXFileReference; lastKnownFileType = text.plist; path = Info.plist; sourceTree = "<group>"; };
		4B4979372BB5E71800C20A2A /* NetworkManager.swift */ = {isa = PBXFileReference; lastKnownFileType = sourcecode.swift; path = NetworkManager.swift; sourceTree = "<group>"; };
		4B4979392BB5E7B400C20A2A /* AudioData.swift */ = {isa = PBXFileReference; lastKnownFileType = sourcecode.swift; path = AudioData.swift; sourceTree = "<group>"; };
		4B5E4BD52BB06B880004432D /* SettingsView.swift */ = {isa = PBXFileReference; lastKnownFileType = sourcecode.swift; path = SettingsView.swift; sourceTree = "<group>"; };
		4B73781B2BB78B6200225F9A /* AudioRowCell.swift */ = {isa = PBXFileReference; lastKnownFileType = sourcecode.swift; path = AudioRowCell.swift; sourceTree = "<group>"; };
		4B73781D2BB78CFD00225F9A /* StatefulPreviewWrapper.swift */ = {isa = PBXFileReference; lastKnownFileType = sourcecode.swift; path = StatefulPreviewWrapper.swift; sourceTree = "<group>"; };
		4B77D98C29F152090025149F /* EidAlFitrAnimationData.json */ = {isa = PBXFileReference; lastKnownFileType = text.json; path = EidAlFitrAnimationData.json; sourceTree = "<group>"; };
		4B77D98E29F1539B0025149F /* EidMedia.swift */ = {isa = PBXFileReference; lastKnownFileType = sourcecode.swift; path = EidMedia.swift; sourceTree = "<group>"; };
		4B7CA03729EFEADB00D769AC /* AidElFitr2023.app */ = {isa = PBXFileReference; explicitFileType = wrapper.application; includeInIndex = 0; path = AidElFitr2023.app; sourceTree = BUILT_PRODUCTS_DIR; };
		4B7CA03A29EFEADB00D769AC /* AidElFitr2023App.swift */ = {isa = PBXFileReference; lastKnownFileType = sourcecode.swift; path = AidElFitr2023App.swift; sourceTree = "<group>"; };
		4B7CA03C29EFEADB00D769AC /* EidMubarakView.swift */ = {isa = PBXFileReference; lastKnownFileType = sourcecode.swift; path = EidMubarakView.swift; sourceTree = "<group>"; };
		4B7CA03E29EFEADC00D769AC /* Assets.xcassets */ = {isa = PBXFileReference; lastKnownFileType = folder.assetcatalog; path = Assets.xcassets; sourceTree = "<group>"; };
		4B7CA04129EFEADC00D769AC /* Preview Assets.xcassets */ = {isa = PBXFileReference; lastKnownFileType = folder.assetcatalog; path = "Preview Assets.xcassets"; sourceTree = "<group>"; };
		4B7CA04929EFEFFB00D769AC /* Constants.swift */ = {isa = PBXFileReference; lastKnownFileType = sourcecode.swift; path = Constants.swift; sourceTree = "<group>"; };
		4B7CA04C29EFF12200D769AC /* EidMubarakViewModel.swift */ = {isa = PBXFileReference; lastKnownFileType = sourcecode.swift; path = EidMubarakViewModel.swift; sourceTree = "<group>"; };
		4B7CA04F29F01D2500D769AC /* EidMubarakAudioPlayer.swift */ = {isa = PBXFileReference; lastKnownFileType = sourcecode.swift; path = EidMubarakAudioPlayer.swift; sourceTree = "<group>"; };
		4B7CA05329F023E700D769AC /* GlowBorder.swift */ = {isa = PBXFileReference; lastKnownFileType = sourcecode.swift; path = GlowBorder.swift; sourceTree = "<group>"; };
		4B7CA05529F0244D00D769AC /* MediaViewModel.swift */ = {isa = PBXFileReference; lastKnownFileType = sourcecode.swift; path = MediaViewModel.swift; sourceTree = "<group>"; };
		4B8BE1C42BBF6B59002D3FC1 /* Localizable.xcstrings */ = {isa = PBXFileReference; lastKnownFileType = text.json.xcstrings; path = Localizable.xcstrings; sourceTree = "<group>"; };
		4BB5D2222BC18C6C000C8CE5 /* CacheEntry.swift */ = {isa = PBXFileReference; lastKnownFileType = sourcecode.swift; path = CacheEntry.swift; sourceTree = "<group>"; };
		4BB5D2242BC18C7B000C8CE5 /* MemoryCache.swift */ = {isa = PBXFileReference; lastKnownFileType = sourcecode.swift; path = MemoryCache.swift; sourceTree = "<group>"; };
		4BB5D2262BC18C88000C8CE5 /* Cache.swift */ = {isa = PBXFileReference; lastKnownFileType = sourcecode.swift; path = Cache.swift; sourceTree = "<group>"; };
		4BB5D2282BC18C9A000C8CE5 /* FileCache.swift */ = {isa = PBXFileReference; lastKnownFileType = sourcecode.swift; path = FileCache.swift; sourceTree = "<group>"; };
		4BB5D22A2BC18CB3000C8CE5 /* KeysTracker.swift */ = {isa = PBXFileReference; lastKnownFileType = sourcecode.swift; path = KeysTracker.swift; sourceTree = "<group>"; };
		4BB5D22C2BC18EB5000C8CE5 /* DownloadManager.swift */ = {isa = PBXFileReference; lastKnownFileType = sourcecode.swift; path = DownloadManager.swift; sourceTree = "<group>"; };
		4BB5D22E2BC191CF000C8CE5 /* UIDeviceExtension.swift */ = {isa = PBXFileReference; lastKnownFileType = sourcecode.swift; path = UIDeviceExtension.swift; sourceTree = "<group>"; };
		4BB5D2302BC192BF000C8CE5 /* PositionModifier.swift */ = {isa = PBXFileReference; lastKnownFileType = sourcecode.swift; path = PositionModifier.swift; sourceTree = "<group>"; };
		4BC20DC22A4A3770007F5313 /* HomeView.swift */ = {isa = PBXFileReference; lastKnownFileType = sourcecode.swift; path = HomeView.swift; sourceTree = "<group>"; };
		4BC20DC42A4A5371007F5313 /* EidAlAdhaAnimationData.json */ = {isa = PBXFileReference; lastKnownFileType = text.json; path = EidAlAdhaAnimationData.json; sourceTree = "<group>"; };
		4BC20DC62A4A5662007F5313 /* EidButton.swift */ = {isa = PBXFileReference; lastKnownFileType = sourcecode.swift; path = EidButton.swift; sourceTree = "<group>"; };
		4BF672992BC0DE9E005A04BE /* PrivacyInfo.xcprivacy */ = {isa = PBXFileReference; lastKnownFileType = text.xml; path = PrivacyInfo.xcprivacy; sourceTree = "<group>"; };
/* End PBXFileReference section */

/* Begin PBXFrameworksBuildPhase section */
		4B7CA03429EFEADB00D769AC /* Frameworks */ = {
			isa = PBXFrameworksBuildPhase;
			buildActionMask = 2147483647;
			files = (
			);
			runOnlyForDeploymentPostprocessing = 0;
		};
/* End PBXFrameworksBuildPhase section */

/* Begin PBXGroup section */
		4B5E4BD22BB06B4D0004432D /* Settings */ = {
			isa = PBXGroup;
			children = (
				4B5E4BD52BB06B880004432D /* SettingsView.swift */,
				4B3F46D72BB23D98006F23B9 /* SettingsViewModel.swift */,
				4B3F46D92BB23DF0006F23B9 /* SoundViewModel.swift */,
				4B73781B2BB78B6200225F9A /* AudioRowCell.swift */,
				4B33145C2BBE139E00FA40EA /* SettingRowStatus.swift */,
			);
			path = Settings;
			sourceTree = "<group>";
		};
		4B7CA02E29EFEADB00D769AC = {
			isa = PBXGroup;
			children = (
				4B7CA03929EFEADB00D769AC /* AidElFitr2023 */,
				4B7CA03829EFEADB00D769AC /* Products */,
			);
			sourceTree = "<group>";
		};
		4B7CA03829EFEADB00D769AC /* Products */ = {
			isa = PBXGroup;
			children = (
				4B7CA03729EFEADB00D769AC /* AidElFitr2023.app */,
			);
			name = Products;
			sourceTree = "<group>";
		};
		4B7CA03929EFEADB00D769AC /* AidElFitr2023 */ = {
			isa = PBXGroup;
			children = (
				4B4979342BB5E16400C20A2A /* Info.plist */,
				4B7CA05729F0248A00D769AC /* Data */,
				4B7CA04E29F01CF500D769AC /* Audio */,
				4B7CA04B29EFF0DD00D769AC /* MainView */,
				4BC20DC12A4A3761007F5313 /* Home */,
				4B5E4BD22BB06B4D0004432D /* Settings */,
				4B7CA04829EFEFED00D769AC /* ViewComponents */,
				4B7CA03A29EFEADB00D769AC /* AidElFitr2023App.swift */,
				4B7CA03E29EFEADC00D769AC /* Assets.xcassets */,
				4B7CA04029EFEADC00D769AC /* Preview Content */,
				4B8BE1C42BBF6B59002D3FC1 /* Localizable.xcstrings */,
				4B73781D2BB78CFD00225F9A /* StatefulPreviewWrapper.swift */,
				4BF672992BC0DE9E005A04BE /* PrivacyInfo.xcprivacy */,
			);
			path = AidElFitr2023;
			sourceTree = "<group>";
		};
		4B7CA04029EFEADC00D769AC /* Preview Content */ = {
			isa = PBXGroup;
			children = (
				4B7CA04129EFEADC00D769AC /* Preview Assets.xcassets */,
			);
			path = "Preview Content";
			sourceTree = "<group>";
		};
		4B7CA04829EFEFED00D769AC /* ViewComponents */ = {
			isa = PBXGroup;
			children = (
				4B7CA04929EFEFFB00D769AC /* Constants.swift */,
				4B7CA05329F023E700D769AC /* GlowBorder.swift */,
				4BC20DC62A4A5662007F5313 /* EidButton.swift */,
				4BB5D22E2BC191CF000C8CE5 /* UIDeviceExtension.swift */,
				4BB5D2302BC192BF000C8CE5 /* PositionModifier.swift */,
			);
			path = ViewComponents;
			sourceTree = "<group>";
		};
		4B7CA04B29EFF0DD00D769AC /* MainView */ = {
			isa = PBXGroup;
			children = (
				4B7CA03C29EFEADB00D769AC /* EidMubarakView.swift */,
				4B7CA04C29EFF12200D769AC /* EidMubarakViewModel.swift */,
				4B7CA05529F0244D00D769AC /* MediaViewModel.swift */,
			);
			path = MainView;
			sourceTree = "<group>";
		};
		4B7CA04E29F01CF500D769AC /* Audio */ = {
			isa = PBXGroup;
			children = (
				4B7CA04F29F01D2500D769AC /* EidMubarakAudioPlayer.swift */,
				4B017C2E2BAF9E3E00C971C0 /* AlAfasyTV.mp3 */,
			);
			path = Audio;
			sourceTree = "<group>";
		};
		4B7CA05729F0248A00D769AC /* Data */ = {
			isa = PBXGroup;
			children = (
				4BB5D2202BC18C3B000C8CE5 /* Network */,
				4B77D98C29F152090025149F /* EidAlFitrAnimationData.json */,
				4B77D98E29F1539B0025149F /* EidMedia.swift */,
				4BC20DC42A4A5371007F5313 /* EidAlAdhaAnimationData.json */,
				4B4979392BB5E7B400C20A2A /* AudioData.swift */,
			);
			path = Data;
			sourceTree = "<group>";
		};
		4BB5D2202BC18C3B000C8CE5 /* Network */ = {
			isa = PBXGroup;
			children = (
				4BB5D2212BC18C49000C8CE5 /* NetworkCache */,
				4B43D4202BB6340400F533F8 /* APIError.swift */,
				4B4979372BB5E71800C20A2A /* NetworkManager.swift */,
				4BB5D22C2BC18EB5000C8CE5 /* DownloadManager.swift */,
			);
			path = Network;
			sourceTree = "<group>";
		};
		4BB5D2212BC18C49000C8CE5 /* NetworkCache */ = {
			isa = PBXGroup;
			children = (
				4BB5D2222BC18C6C000C8CE5 /* CacheEntry.swift */,
				4BB5D2242BC18C7B000C8CE5 /* MemoryCache.swift */,
				4BB5D2262BC18C88000C8CE5 /* Cache.swift */,
				4BB5D2282BC18C9A000C8CE5 /* FileCache.swift */,
				4BB5D22A2BC18CB3000C8CE5 /* KeysTracker.swift */,
			);
			path = NetworkCache;
			sourceTree = "<group>";
		};
		4BC20DC12A4A3761007F5313 /* Home */ = {
			isa = PBXGroup;
			children = (
				4BC20DC22A4A3770007F5313 /* HomeView.swift */,
			);
			path = Home;
			sourceTree = "<group>";
		};
/* End PBXGroup section */

/* Begin PBXNativeTarget section */
		4B7CA03629EFEADB00D769AC /* AidElFitr2023 */ = {
			isa = PBXNativeTarget;
			buildConfigurationList = 4B7CA04529EFEADC00D769AC /* Build configuration list for PBXNativeTarget "AidElFitr2023" */;
			buildPhases = (
				4B7CA03329EFEADB00D769AC /* Sources */,
				4B7CA03429EFEADB00D769AC /* Frameworks */,
				4B7CA03529EFEADB00D769AC /* Resources */,
			);
			buildRules = (
			);
			dependencies = (
			);
			name = AidElFitr2023;
			productName = AidElFitr2023;
			productReference = 4B7CA03729EFEADB00D769AC /* AidElFitr2023.app */;
			productType = "com.apple.product-type.application";
		};
/* End PBXNativeTarget section */

/* Begin PBXProject section */
		4B7CA02F29EFEADB00D769AC /* Project object */ = {
			isa = PBXProject;
			attributes = {
				BuildIndependentTargetsInParallel = 1;
				LastSwiftUpdateCheck = 1430;
				LastUpgradeCheck = 1530;
				TargetAttributes = {
					4B7CA03629EFEADB00D769AC = {
						CreatedOnToolsVersion = 14.3;
					};
				};
			};
			buildConfigurationList = 4B7CA03229EFEADB00D769AC /* Build configuration list for PBXProject "AidElFitr2023" */;
			compatibilityVersion = "Xcode 14.0";
			developmentRegion = en;
			hasScannedForEncodings = 0;
			knownRegions = (
				en,
				Base,
				fr,
			);
			mainGroup = 4B7CA02E29EFEADB00D769AC;
			productRefGroup = 4B7CA03829EFEADB00D769AC /* Products */;
			projectDirPath = "";
			projectRoot = "";
			targets = (
				4B7CA03629EFEADB00D769AC /* AidElFitr2023 */,
			);
		};
/* End PBXProject section */

/* Begin PBXResourcesBuildPhase section */
		4B7CA03529EFEADB00D769AC /* Resources */ = {
			isa = PBXResourcesBuildPhase;
			buildActionMask = 2147483647;
			files = (
				4B77D98D29F152090025149F /* EidAlFitrAnimationData.json in Resources */,
				4B017C2F2BAF9E3E00C971C0 /* AlAfasyTV.mp3 in Resources */,
				4B8BE1C52BBF6B59002D3FC1 /* Localizable.xcstrings in Resources */,
				4B7CA04229EFEADC00D769AC /* Preview Assets.xcassets in Resources */,
				4BC20DC52A4A5371007F5313 /* EidAlAdhaAnimationData.json in Resources */,
				4BF6729A2BC0F19A005A04BE /* PrivacyInfo.xcprivacy in Resources */,
				4B7CA03F29EFEADC00D769AC /* Assets.xcassets in Resources */,
			);
			runOnlyForDeploymentPostprocessing = 0;
		};
/* End PBXResourcesBuildPhase section */

/* Begin PBXSourcesBuildPhase section */
		4B7CA03329EFEADB00D769AC /* Sources */ = {
			isa = PBXSourcesBuildPhase;
			buildActionMask = 2147483647;
			files = (
				4BB5D2312BC192BF000C8CE5 /* PositionModifier.swift in Sources */,
				4B5E4BD62BB06B880004432D /* SettingsView.swift in Sources */,
				4BB5D22F2BC191CF000C8CE5 /* UIDeviceExtension.swift in Sources */,
				4BC20DC32A4A3770007F5313 /* HomeView.swift in Sources */,
				4B33145D2BBE139E00FA40EA /* SettingRowStatus.swift in Sources */,
				4B7CA05429F023E700D769AC /* GlowBorder.swift in Sources */,
				4BB5D2272BC18C88000C8CE5 /* Cache.swift in Sources */,
				4B7CA03D29EFEADB00D769AC /* EidMubarakView.swift in Sources */,
				4BB5D2232BC18C6C000C8CE5 /* CacheEntry.swift in Sources */,
				4B73781C2BB78B6200225F9A /* AudioRowCell.swift in Sources */,
				4B7CA04D29EFF12200D769AC /* EidMubarakViewModel.swift in Sources */,
				4B77D98F29F1539B0025149F /* EidMedia.swift in Sources */,
				4B7CA05629F0244D00D769AC /* MediaViewModel.swift in Sources */,
				4B3F46DA2BB23DF0006F23B9 /* SoundViewModel.swift in Sources */,
				4BB5D22B2BC18CB3000C8CE5 /* KeysTracker.swift in Sources */,
				4BB5D2292BC18C9A000C8CE5 /* FileCache.swift in Sources */,
				4BC20DC72A4A5662007F5313 /* EidButton.swift in Sources */,
				4B73781E2BB78CFD00225F9A /* StatefulPreviewWrapper.swift in Sources */,
				4BB5D22D2BC18EB5000C8CE5 /* DownloadManager.swift in Sources */,
				4B49793A2BB5E7B400C20A2A /* AudioData.swift in Sources */,
				4B7CA03B29EFEADB00D769AC /* AidElFitr2023App.swift in Sources */,
				4B4979382BB5E71800C20A2A /* NetworkManager.swift in Sources */,
				4B7CA05029F01D2500D769AC /* EidMubarakAudioPlayer.swift in Sources */,
				4B43D4212BB6340400F533F8 /* APIError.swift in Sources */,
				4BB5D2252BC18C7B000C8CE5 /* MemoryCache.swift in Sources */,
				4B7CA04A29EFEFFB00D769AC /* Constants.swift in Sources */,
				4B3F46D82BB23D98006F23B9 /* SettingsViewModel.swift in Sources */,
			);
			runOnlyForDeploymentPostprocessing = 0;
		};
/* End PBXSourcesBuildPhase section */

/* Begin XCBuildConfiguration section */
		4B7CA04329EFEADC00D769AC /* Debug */ = {
			isa = XCBuildConfiguration;
			buildSettings = {
				ALWAYS_SEARCH_USER_PATHS = NO;
				ASSETCATALOG_COMPILER_GENERATE_SWIFT_ASSET_SYMBOL_EXTENSIONS = YES;
				CLANG_ANALYZER_LOCALIZABILITY_NONLOCALIZED = YES;
				CLANG_ANALYZER_NONNULL = YES;
				CLANG_ANALYZER_NUMBER_OBJECT_CONVERSION = YES_AGGRESSIVE;
				CLANG_CXX_LANGUAGE_STANDARD = "gnu++20";
				CLANG_ENABLE_MODULES = YES;
				CLANG_ENABLE_OBJC_ARC = YES;
				CLANG_ENABLE_OBJC_WEAK = YES;
				CLANG_WARN_BLOCK_CAPTURE_AUTORELEASING = YES;
				CLANG_WARN_BOOL_CONVERSION = YES;
				CLANG_WARN_COMMA = YES;
				CLANG_WARN_CONSTANT_CONVERSION = YES;
				CLANG_WARN_DEPRECATED_OBJC_IMPLEMENTATIONS = YES;
				CLANG_WARN_DIRECT_OBJC_ISA_USAGE = YES_ERROR;
				CLANG_WARN_DOCUMENTATION_COMMENTS = YES;
				CLANG_WARN_EMPTY_BODY = YES;
				CLANG_WARN_ENUM_CONVERSION = YES;
				CLANG_WARN_INFINITE_RECURSION = YES;
				CLANG_WARN_INT_CONVERSION = YES;
				CLANG_WARN_NON_LITERAL_NULL_CONVERSION = YES;
				CLANG_WARN_OBJC_IMPLICIT_RETAIN_SELF = YES;
				CLANG_WARN_OBJC_LITERAL_CONVERSION = YES;
				CLANG_WARN_OBJC_ROOT_CLASS = YES_ERROR;
				CLANG_WARN_QUOTED_INCLUDE_IN_FRAMEWORK_HEADER = YES;
				CLANG_WARN_RANGE_LOOP_ANALYSIS = YES;
				CLANG_WARN_STRICT_PROTOTYPES = YES;
				CLANG_WARN_SUSPICIOUS_MOVE = YES;
				CLANG_WARN_UNGUARDED_AVAILABILITY = YES_AGGRESSIVE;
				CLANG_WARN_UNREACHABLE_CODE = YES;
				CLANG_WARN__DUPLICATE_METHOD_MATCH = YES;
				COPY_PHASE_STRIP = NO;
				DEBUG_INFORMATION_FORMAT = dwarf;
				ENABLE_STRICT_OBJC_MSGSEND = YES;
				ENABLE_TESTABILITY = YES;
				ENABLE_USER_SCRIPT_SANDBOXING = YES;
				GCC_C_LANGUAGE_STANDARD = gnu11;
				GCC_DYNAMIC_NO_PIC = NO;
				GCC_NO_COMMON_BLOCKS = YES;
				GCC_OPTIMIZATION_LEVEL = 0;
				GCC_PREPROCESSOR_DEFINITIONS = (
					"DEBUG=1",
					"$(inherited)",
				);
				GCC_WARN_64_TO_32_BIT_CONVERSION = YES;
				GCC_WARN_ABOUT_RETURN_TYPE = YES_ERROR;
				GCC_WARN_UNDECLARED_SELECTOR = YES;
				GCC_WARN_UNINITIALIZED_AUTOS = YES_AGGRESSIVE;
				GCC_WARN_UNUSED_FUNCTION = YES;
				GCC_WARN_UNUSED_VARIABLE = YES;
				IPHONEOS_DEPLOYMENT_TARGET = 16.0;
				LOCALIZATION_PREFERS_STRING_CATALOGS = YES;
				MTL_ENABLE_DEBUG_INFO = INCLUDE_SOURCE;
				MTL_FAST_MATH = YES;
				ONLY_ACTIVE_ARCH = YES;
				SDKROOT = iphoneos;
				SWIFT_ACTIVE_COMPILATION_CONDITIONS = DEBUG;
				SWIFT_OPTIMIZATION_LEVEL = "-Onone";
			};
			name = Debug;
		};
		4B7CA04429EFEADC00D769AC /* Release */ = {
			isa = XCBuildConfiguration;
			buildSettings = {
				ALWAYS_SEARCH_USER_PATHS = NO;
				ASSETCATALOG_COMPILER_GENERATE_SWIFT_ASSET_SYMBOL_EXTENSIONS = YES;
				CLANG_ANALYZER_LOCALIZABILITY_NONLOCALIZED = YES;
				CLANG_ANALYZER_NONNULL = YES;
				CLANG_ANALYZER_NUMBER_OBJECT_CONVERSION = YES_AGGRESSIVE;
				CLANG_CXX_LANGUAGE_STANDARD = "gnu++20";
				CLANG_ENABLE_MODULES = YES;
				CLANG_ENABLE_OBJC_ARC = YES;
				CLANG_ENABLE_OBJC_WEAK = YES;
				CLANG_WARN_BLOCK_CAPTURE_AUTORELEASING = YES;
				CLANG_WARN_BOOL_CONVERSION = YES;
				CLANG_WARN_COMMA = YES;
				CLANG_WARN_CONSTANT_CONVERSION = YES;
				CLANG_WARN_DEPRECATED_OBJC_IMPLEMENTATIONS = YES;
				CLANG_WARN_DIRECT_OBJC_ISA_USAGE = YES_ERROR;
				CLANG_WARN_DOCUMENTATION_COMMENTS = YES;
				CLANG_WARN_EMPTY_BODY = YES;
				CLANG_WARN_ENUM_CONVERSION = YES;
				CLANG_WARN_INFINITE_RECURSION = YES;
				CLANG_WARN_INT_CONVERSION = YES;
				CLANG_WARN_NON_LITERAL_NULL_CONVERSION = YES;
				CLANG_WARN_OBJC_IMPLICIT_RETAIN_SELF = YES;
				CLANG_WARN_OBJC_LITERAL_CONVERSION = YES;
				CLANG_WARN_OBJC_ROOT_CLASS = YES_ERROR;
				CLANG_WARN_QUOTED_INCLUDE_IN_FRAMEWORK_HEADER = YES;
				CLANG_WARN_RANGE_LOOP_ANALYSIS = YES;
				CLANG_WARN_STRICT_PROTOTYPES = YES;
				CLANG_WARN_SUSPICIOUS_MOVE = YES;
				CLANG_WARN_UNGUARDED_AVAILABILITY = YES_AGGRESSIVE;
				CLANG_WARN_UNREACHABLE_CODE = YES;
				CLANG_WARN__DUPLICATE_METHOD_MATCH = YES;
				COPY_PHASE_STRIP = NO;
				DEBUG_INFORMATION_FORMAT = "dwarf-with-dsym";
				ENABLE_NS_ASSERTIONS = NO;
				ENABLE_STRICT_OBJC_MSGSEND = YES;
				ENABLE_USER_SCRIPT_SANDBOXING = YES;
				GCC_C_LANGUAGE_STANDARD = gnu11;
				GCC_NO_COMMON_BLOCKS = YES;
				GCC_WARN_64_TO_32_BIT_CONVERSION = YES;
				GCC_WARN_ABOUT_RETURN_TYPE = YES_ERROR;
				GCC_WARN_UNDECLARED_SELECTOR = YES;
				GCC_WARN_UNINITIALIZED_AUTOS = YES_AGGRESSIVE;
				GCC_WARN_UNUSED_FUNCTION = YES;
				GCC_WARN_UNUSED_VARIABLE = YES;
				IPHONEOS_DEPLOYMENT_TARGET = 16.0;
				LOCALIZATION_PREFERS_STRING_CATALOGS = YES;
				MTL_ENABLE_DEBUG_INFO = NO;
				MTL_FAST_MATH = YES;
				SDKROOT = iphoneos;
				SWIFT_COMPILATION_MODE = wholemodule;
				SWIFT_OPTIMIZATION_LEVEL = "-O";
				VALIDATE_PRODUCT = YES;
			};
			name = Release;
		};
		4B7CA04629EFEADC00D769AC /* Debug */ = {
			isa = XCBuildConfiguration;
			buildSettings = {
				ASSETCATALOG_COMPILER_APPICON_NAME = AppIcon;
				ASSETCATALOG_COMPILER_GLOBAL_ACCENT_COLOR_NAME = AccentColor;
				CODE_SIGN_STYLE = Automatic;
				CURRENT_PROJECT_VERSION = 5;
				DEVELOPMENT_ASSET_PATHS = "\"AidElFitr2023/Preview Content\"";
				DEVELOPMENT_TEAM = LX6HN92HPR;
				ENABLE_PREVIEWS = YES;
				GENERATE_INFOPLIST_FILE = YES;
				INFOPLIST_FILE = AidElFitr2023/Info.plist;
				INFOPLIST_KEY_CFBundleDisplayName = "Aïd Moubarak";
				INFOPLIST_KEY_UIApplicationSceneManifest_Generation = YES;
				INFOPLIST_KEY_UIApplicationSupportsIndirectInputEvents = YES;
				INFOPLIST_KEY_UILaunchScreen_Generation = YES;
				INFOPLIST_KEY_UIRequiresFullScreen = YES;
				INFOPLIST_KEY_UISupportedInterfaceOrientations = "UIInterfaceOrientationPortrait UIInterfaceOrientationPortraitUpsideDown";
				IPHONEOS_DEPLOYMENT_TARGET = 16.0;
				LD_RUNPATH_SEARCH_PATHS = (
					"$(inherited)",
					"@executable_path/Frameworks",
				);
				MARKETING_VERSION = 1.2;
				PRODUCT_BUNDLE_IDENTIFIER = com.kous92.AidElFitr2023;
				PRODUCT_NAME = "$(TARGET_NAME)";
				SUPPORTED_PLATFORMS = "iphoneos iphonesimulator";
				SUPPORTS_MACCATALYST = NO;
				SUPPORTS_MAC_DESIGNED_FOR_IPHONE_IPAD = NO;
				SWIFT_EMIT_LOC_STRINGS = YES;
				SWIFT_VERSION = 5.0;
				TARGETED_DEVICE_FAMILY = "1,2";
			};
			name = Debug;
		};
		4B7CA04729EFEADC00D769AC /* Release */ = {
			isa = XCBuildConfiguration;
			buildSettings = {
				ASSETCATALOG_COMPILER_APPICON_NAME = AppIcon;
				ASSETCATALOG_COMPILER_GLOBAL_ACCENT_COLOR_NAME = AccentColor;
				CODE_SIGN_STYLE = Automatic;
				CURRENT_PROJECT_VERSION = 5;
				DEVELOPMENT_ASSET_PATHS = "\"AidElFitr2023/Preview Content\"";
				DEVELOPMENT_TEAM = LX6HN92HPR;
				ENABLE_PREVIEWS = YES;
				GENERATE_INFOPLIST_FILE = YES;
				INFOPLIST_FILE = AidElFitr2023/Info.plist;
				INFOPLIST_KEY_CFBundleDisplayName = "Aïd Moubarak";
				INFOPLIST_KEY_UIApplicationSceneManifest_Generation = YES;
				INFOPLIST_KEY_UIApplicationSupportsIndirectInputEvents = YES;
				INFOPLIST_KEY_UILaunchScreen_Generation = YES;
				INFOPLIST_KEY_UIRequiresFullScreen = YES;
				INFOPLIST_KEY_UISupportedInterfaceOrientations = "UIInterfaceOrientationPortrait UIInterfaceOrientationPortraitUpsideDown";
				IPHONEOS_DEPLOYMENT_TARGET = 16.0;
				LD_RUNPATH_SEARCH_PATHS = (
					"$(inherited)",
					"@executable_path/Frameworks",
				);
				MARKETING_VERSION = 1.2;
				PRODUCT_BUNDLE_IDENTIFIER = com.kous92.AidElFitr2023;
				PRODUCT_NAME = "$(TARGET_NAME)";
				SUPPORTED_PLATFORMS = "iphoneos iphonesimulator";
				SUPPORTS_MACCATALYST = NO;
				SUPPORTS_MAC_DESIGNED_FOR_IPHONE_IPAD = NO;
				SWIFT_EMIT_LOC_STRINGS = YES;
				SWIFT_VERSION = 5.0;
				TARGETED_DEVICE_FAMILY = "1,2";
			};
			name = Release;
		};
/* End XCBuildConfiguration section */

/* Begin XCConfigurationList section */
		4B7CA03229EFEADB00D769AC /* Build configuration list for PBXProject "AidElFitr2023" */ = {
			isa = XCConfigurationList;
			buildConfigurations = (
				4B7CA04329EFEADC00D769AC /* Debug */,
				4B7CA04429EFEADC00D769AC /* Release */,
			);
			defaultConfigurationIsVisible = 0;
			defaultConfigurationName = Release;
		};
		4B7CA04529EFEADC00D769AC /* Build configuration list for PBXNativeTarget "AidElFitr2023" */ = {
			isa = XCConfigurationList;
			buildConfigurations = (
				4B7CA04629EFEADC00D769AC /* Debug */,
				4B7CA04729EFEADC00D769AC /* Release */,
			);
			defaultConfigurationIsVisible = 0;
			defaultConfigurationName = Release;
		};
/* End XCConfigurationList section */
	};
	rootObject = 4B7CA02F29EFEADB00D769AC /* Project object */;
}
